
Microsoft Visual Studio Solution File, Format Version 12.00
# Visual Studio Version 17
VisualStudioVersion = 17.2.32630.192
MinimumVisualStudioVersion = 10.0.40219.1
Project("{FAE04EC0-301F-11D3-BF4B-00C04F79EFBC}") = "LunchnLearnAPI", "LunchnLearnAPI\LunchnLearnAPI.csproj", "{3843C620-3C5D-427D-AB99-CFE50CC840D6}"
EndProject
Global
	GlobalSection(SolutionConfigurationPlatforms) = preSolution
		Debug|Any CPU = Debug|Any CPU
		Release|Any CPU = Release|Any CPU
	EndGlobalSection
	GlobalSection(ProjectConfigurationPlatforms) = postSolution
		{3843C620-3C5D-427D-AB99-CFE50CC840D6}.Debug|Any CPU.ActiveCfg = Debug|Any CPU
		{3843C620-3C5D-427D-AB99-CFE50CC840D6}.Debug|Any CPU.Build.0 = Debug|Any CPU
		{3843C620-3C5D-427D-AB99-CFE50CC840D6}.Release|Any CPU.ActiveCfg = Release|Any CPU
		{3843C620-3C5D-427D-AB99-CFE50CC840D6}.Release|Any CPU.Build.0 = Release|Any CPU
	EndGlobalSection
	GlobalSection(SolutionProperties) = preSolution
		HideSolutionNode = FALSE
	EndGlobalSection
	GlobalSection(ExtensibilityGlobals) = postSolution
		SolutionGuid = {2716456A-F2F7-46B8-A19A-2E964B7C1379}
	EndGlobalSection
EndGlobal
